
Microsoft Visual Studio Solution File, Format Version 12.00
# Visual Studio Version 17
VisualStudioVersion = 17.11.35222.181
MinimumVisualStudioVersion = 10.0.40219.1
Project("{2150E333-8FDC-42A3-9474-1A3956D46DE8}") = "Gateways", "Gateways", "{73A9F925-8C9E-4ADF-A8B7-3FEC51D97964}"
EndProject
Project("{9A19103F-16F7-4668-BE54-9A1E7A4F7556}") = "Sample1.API", "Gateways\Sample1.API\Sample1.API.csproj", "{12AD3CB1-F9DA-4C3E-8EA6-2D85686A5C49}"
EndProject
Project("{2150E333-8FDC-42A3-9474-1A3956D46DE8}") = "Domains", "Domains", "{A6CEF527-39BE-4735-884E-FB6A44B7257F}"
EndProject
Project("{2150E333-8FDC-42A3-9474-1A3956D46DE8}") = "Domain1", "Domain1", "{F807CAB4-B8AD-428A-8C84-37F8314F218E}"
EndProject
Project("{2150E333-8FDC-42A3-9474-1A3956D46DE8}") = "Common", "Common", "{ADA5A3CF-8774-4D72-A8BA-5B65116E4BEF}"
EndProject
Project("{2150E333-8FDC-42A3-9474-1A3956D46DE8}") = "Infra", "Infra", "{3456627E-1239-4341-803C-3E5B3BBF0373}"
EndProject
Project("{9A19103F-16F7-4668-BE54-9A1E7A4F7556}") = "Sample1.Infrastructure.IDomain", "Infrastructure\Sample1.Infrastructure.IDomain\Sample1.Infrastructure.IDomain.csproj", "{40EF4C4B-C8D6-41C1-A5E7-7E800A869B94}"
EndProject
Project("{9A19103F-16F7-4668-BE54-9A1E7A4F7556}") = "Sample1.Common.Domain", "Common\Sample1.Common.Domain\Sample1.Common.Domain.csproj", "{EF1D5ED5-226B-4D7B-95D7-0C80552CC592}"
EndProject
Project("{9A19103F-16F7-4668-BE54-9A1E7A4F7556}") = "Sample1.Common.Storage", "Common\Sample1.Common.Storage\Sample1.Common.Storage.csproj", "{6C683A2D-7897-44BF-A60E-29AEA66B6D93}"
EndProject
Project("{9A19103F-16F7-4668-BE54-9A1E7A4F7556}") = "Sample1.Domain1.Domain", "Domains\Domain1\Sample1.Domain1.Domain\Sample1.Domain1.Domain.csproj", "{F586840D-B83D-4C48-ACD5-886BA06332BD}"
EndProject
Project("{9A19103F-16F7-4668-BE54-9A1E7A4F7556}") = "Sample1.Domain1.Infra.Db", "Domains\Domain1\Sample1.Domain1.Infra.Db\Sample1.Domain1.Infra.Db.csproj", "{44A2E841-6D5F-42B4-80A0-790AC182BCCE}"
EndProject
Project("{9A19103F-16F7-4668-BE54-9A1E7A4F7556}") = "Sample1.Domain1.Storage", "Domains\Domain1\Sample1.Domain1.Storage\Sample1.Domain1.Storage.csproj", "{AFD1A3FF-E642-4263-A616-78C4CF246A38}"
EndProject
Project("{2150E333-8FDC-42A3-9474-1A3956D46DE8}") = "Domain2", "Domain2", "{0FDFF1F5-48C7-4987-BDAB-B6D3F9685641}"
EndProject
Project("{FAE04EC0-301F-11D3-BF4B-00C04F79EFBC}") = "Sample1.Domain2.Domain", "Domains\Domain2\Sample1.Domain2.Domain\Sample1.Domain2.Domain.csproj", "{748D2729-12FD-480A-A6D0-676B53321789}"
EndProject
Project("{FAE04EC0-301F-11D3-BF4B-00C04F79EFBC}") = "Sample1.Domain2.Infra.Db", "Domains\Domain2\Sample1.Domain2.Infra.Db\Sample1.Domain2.Infra.Db.csproj", "{7AD6A945-7465-42B9-B3A0-C26E0BE37BAB}"
EndProject
Project("{FAE04EC0-301F-11D3-BF4B-00C04F79EFBC}") = "Sample1.Domain2.Storage", "Domains\Domain2\Sample1.Domain2.Storage\Sample1.Domain2.Storage.csproj", "{F9ED3AEA-BA03-4A87-8F5A-F346946BB874}"
EndProject
Global
	GlobalSection(SolutionConfigurationPlatforms) = preSolution
		Debug|Any CPU = Debug|Any CPU
		Release|Any CPU = Release|Any CPU
	EndGlobalSection
	GlobalSection(ProjectConfigurationPlatforms) = postSolution
		{12AD3CB1-F9DA-4C3E-8EA6-2D85686A5C49}.Debug|Any CPU.ActiveCfg = Debug|Any CPU
		{12AD3CB1-F9DA-4C3E-8EA6-2D85686A5C49}.Debug|Any CPU.Build.0 = Debug|Any CPU
		{12AD3CB1-F9DA-4C3E-8EA6-2D85686A5C49}.Release|Any CPU.ActiveCfg = Release|Any CPU
		{12AD3CB1-F9DA-4C3E-8EA6-2D85686A5C49}.Release|Any CPU.Build.0 = Release|Any CPU
		{40EF4C4B-C8D6-41C1-A5E7-7E800A869B94}.Debug|Any CPU.ActiveCfg = Debug|Any CPU
		{40EF4C4B-C8D6-41C1-A5E7-7E800A869B94}.Debug|Any CPU.Build.0 = Debug|Any CPU
		{40EF4C4B-C8D6-41C1-A5E7-7E800A869B94}.Release|Any CPU.ActiveCfg = Release|Any CPU
		{40EF4C4B-C8D6-41C1-A5E7-7E800A869B94}.Release|Any CPU.Build.0 = Release|Any CPU
		{EF1D5ED5-226B-4D7B-95D7-0C80552CC592}.Debug|Any CPU.ActiveCfg = Debug|Any CPU
		{EF1D5ED5-226B-4D7B-95D7-0C80552CC592}.Debug|Any CPU.Build.0 = Debug|Any CPU
		{EF1D5ED5-226B-4D7B-95D7-0C80552CC592}.Release|Any CPU.ActiveCfg = Release|Any CPU
		{EF1D5ED5-226B-4D7B-95D7-0C80552CC592}.Release|Any CPU.Build.0 = Release|Any CPU
		{6C683A2D-7897-44BF-A60E-29AEA66B6D93}.Debug|Any CPU.ActiveCfg = Debug|Any CPU
		{6C683A2D-7897-44BF-A60E-29AEA66B6D93}.Debug|Any CPU.Build.0 = Debug|Any CPU
		{6C683A2D-7897-44BF-A60E-29AEA66B6D93}.Release|Any CPU.ActiveCfg = Release|Any CPU
		{6C683A2D-7897-44BF-A60E-29AEA66B6D93}.Release|Any CPU.Build.0 = Release|Any CPU
		{F586840D-B83D-4C48-ACD5-886BA06332BD}.Debug|Any CPU.ActiveCfg = Debug|Any CPU
		{F586840D-B83D-4C48-ACD5-886BA06332BD}.Debug|Any CPU.Build.0 = Debug|Any CPU
		{F586840D-B83D-4C48-ACD5-886BA06332BD}.Release|Any CPU.ActiveCfg = Release|Any CPU
		{F586840D-B83D-4C48-ACD5-886BA06332BD}.Release|Any CPU.Build.0 = Release|Any CPU
		{44A2E841-6D5F-42B4-80A0-790AC182BCCE}.Debug|Any CPU.ActiveCfg = Debug|Any CPU
		{44A2E841-6D5F-42B4-80A0-790AC182BCCE}.Debug|Any CPU.Build.0 = Debug|Any CPU
		{44A2E841-6D5F-42B4-80A0-790AC182BCCE}.Release|Any CPU.ActiveCfg = Release|Any CPU
		{44A2E841-6D5F-42B4-80A0-790AC182BCCE}.Release|Any CPU.Build.0 = Release|Any CPU
		{AFD1A3FF-E642-4263-A616-78C4CF246A38}.Debug|Any CPU.ActiveCfg = Debug|Any CPU
		{AFD1A3FF-E642-4263-A616-78C4CF246A38}.Debug|Any CPU.Build.0 = Debug|Any CPU
		{AFD1A3FF-E642-4263-A616-78C4CF246A38}.Release|Any CPU.ActiveCfg = Release|Any CPU
		{AFD1A3FF-E642-4263-A616-78C4CF246A38}.Release|Any CPU.Build.0 = Release|Any CPU
		{748D2729-12FD-480A-A6D0-676B53321789}.Debug|Any CPU.ActiveCfg = Debug|Any CPU
		{748D2729-12FD-480A-A6D0-676B53321789}.Debug|Any CPU.Build.0 = Debug|Any CPU
		{748D2729-12FD-480A-A6D0-676B53321789}.Release|Any CPU.ActiveCfg = Release|Any CPU
		{748D2729-12FD-480A-A6D0-676B53321789}.Release|Any CPU.Build.0 = Release|Any CPU
		{7AD6A945-7465-42B9-B3A0-C26E0BE37BAB}.Debug|Any CPU.ActiveCfg = Debug|Any CPU
		{7AD6A945-7465-42B9-B3A0-C26E0BE37BAB}.Debug|Any CPU.Build.0 = Debug|Any CPU
		{7AD6A945-7465-42B9-B3A0-C26E0BE37BAB}.Release|Any CPU.ActiveCfg = Release|Any CPU
		{7AD6A945-7465-42B9-B3A0-C26E0BE37BAB}.Release|Any CPU.Build.0 = Release|Any CPU
		{F9ED3AEA-BA03-4A87-8F5A-F346946BB874}.Debug|Any CPU.ActiveCfg = Debug|Any CPU
		{F9ED3AEA-BA03-4A87-8F5A-F346946BB874}.Debug|Any CPU.Build.0 = Debug|Any CPU
		{F9ED3AEA-BA03-4A87-8F5A-F346946BB874}.Release|Any CPU.ActiveCfg = Release|Any CPU
		{F9ED3AEA-BA03-4A87-8F5A-F346946BB874}.Release|Any CPU.Build.0 = Release|Any CPU
	EndGlobalSection
	GlobalSection(SolutionProperties) = preSolution
		HideSolutionNode = FALSE
	EndGlobalSection
	GlobalSection(NestedProjects) = preSolution
		{12AD3CB1-F9DA-4C3E-8EA6-2D85686A5C49} = {73A9F925-8C9E-4ADF-A8B7-3FEC51D97964}
		{F807CAB4-B8AD-428A-8C84-37F8314F218E} = {A6CEF527-39BE-4735-884E-FB6A44B7257F}
		{40EF4C4B-C8D6-41C1-A5E7-7E800A869B94} = {3456627E-1239-4341-803C-3E5B3BBF0373}
		{EF1D5ED5-226B-4D7B-95D7-0C80552CC592} = {ADA5A3CF-8774-4D72-A8BA-5B65116E4BEF}
		{6C683A2D-7897-44BF-A60E-29AEA66B6D93} = {ADA5A3CF-8774-4D72-A8BA-5B65116E4BEF}
		{F586840D-B83D-4C48-ACD5-886BA06332BD} = {F807CAB4-B8AD-428A-8C84-37F8314F218E}
		{44A2E841-6D5F-42B4-80A0-790AC182BCCE} = {F807CAB4-B8AD-428A-8C84-37F8314F218E}
		{AFD1A3FF-E642-4263-A616-78C4CF246A38} = {F807CAB4-B8AD-428A-8C84-37F8314F218E}
		{0FDFF1F5-48C7-4987-BDAB-B6D3F9685641} = {A6CEF527-39BE-4735-884E-FB6A44B7257F}
		{748D2729-12FD-480A-A6D0-676B53321789} = {0FDFF1F5-48C7-4987-BDAB-B6D3F9685641}
		{7AD6A945-7465-42B9-B3A0-C26E0BE37BAB} = {0FDFF1F5-48C7-4987-BDAB-B6D3F9685641}
		{F9ED3AEA-BA03-4A87-8F5A-F346946BB874} = {0FDFF1F5-48C7-4987-BDAB-B6D3F9685641}
	EndGlobalSection
	GlobalSection(ExtensibilityGlobals) = postSolution
		SolutionGuid = {0BD16AE6-A87A-49E0-AA08-0DACB23F0E24}
	EndGlobalSection
EndGlobal
